format=local-inference-flashinfer-wheel-runtime/v1
status=research-only
platform=linux/arm64
python.version=3.12
cuda.version=13.4
pytorch.runtime-version=2.14.0a0+4fdf77b940.nv26.08
pytorch.version=2.14.0a0+4fdf77b940.nv26.8.63802676
pytorch.commit=4fdf77b940a7e61d854b9be527884e38f32d335a
cutlass-dsl.version=4.7.1
pip.version=26.2.1
setuptools.version=81.0.0
packaging.version=26.2
wheel.version=0.48.0
tqdm.version=4.70.0
ninja.version=1.13.0
requests.version=2.34.2
numpy.version=2.1.0
nvidia-ml-py.version=13.610.43
apache-tvm-ffi.version=0.1.13.post3
cuda.arch-list=12.0f
builder.image=nvcr.io/nvidia/pytorch@sha256:237ecf9ac7373daf91b31bb4f86651ce1ce57b676366ed435aa1aba61dad81d5
build.max-jobs=48
build.nvcc-threads=1
buildx.builder=lil-wheel-cu134-arm64
