format=local-inference-flashinfer-wheel-runtime/v1
status=research-only
python.version=3.12
cuda.version=13.4
pytorch.runtime-version=2.14.0a0+4fdf77b940.nv26.08
pytorch.version=2.14.0a0+4fdf77b940.nv26.8.63802676
pytorch.commit=4fdf77b940a7e61d854b9be527884e38f32d335a
cutlass-dsl.version=4.6.2
pip.version=26.2.1
setuptools.version=81.0.0
packaging.version=26.2
wheel.version=0.48.0
tqdm.version=4.70.0
ninja.version=1.13.0
requests.version=2.34.2
numpy.version=2.1.0
nvidia-ml-py.version=13.610.43
apache-tvm-ffi.version=0.1.13.post3
cuda.arch-list=12.0f
builder.image=nvcr.io/nvidia/pytorch@sha256:33ef5fc15e8937602d64022209cdb2777b32dadf742f41332023d946041b3c14
build.max-jobs=48
build.nvcc-threads=1
buildx.builder=lil-wheel-cu134-sm120
buildx.memory-high-bytes=257698037760
buildx.memory-bytes=274877906944
buildx.swap-max-bytes=0
buildx.tasks-max=8192
buildx.cpuset=64-127
buildx.cpu-quota=6400000
buildx.cpu-period=100000
runner.version=2.337.0
runner.archive.url=https://github.com/actions/runner/releases/download/v2.337.0/actions-runner-linux-x64-2.337.0.tar.gz
runner.archive.sha256=70920811a4f8ad4328818682bca5c6469c1c942fab52448868071d0063816613
