format=local-inference-flashinfer-wheel-runtime/v1
status=research-only
python.version=3.12
cuda.version=13.3
pytorch.version=2.13.0
pytorch.commit=cf30153c4c131c8164ee7798e5022d810682e2cb
cutlass-dsl.version=4.6.2
pip.version=26.2.1
setuptools.version=80.10.2
packaging.version=26.2
wheel.version=0.47.0
build.version=1.5.0
tqdm.version=4.69.1
ninja.version=1.13.0
requests.version=2.34.2
numpy.version=2.1.0
nvidia-ml-py.version=13.610.43
apache-tvm-ffi.version=0.1.11
cuda.arch-list=12.0f
builder.image=voipmonitor/vllm@sha256:03b67e53dda73c3fa317d4cb529ad38a220c51c7365ee8d54c16e5063fcc54e2
build.max-jobs=48
build.nvcc-threads=1
buildx.builder=lil-flashinfer-cu133-sm120
buildx.memory-high-bytes=257698037760
buildx.memory-bytes=274877906944
buildx.swap-max-bytes=0
buildx.tasks-max=8192
buildx.cpuset=64-127
buildx.cpu-quota=6400000
buildx.cpu-period=100000
runner.version=2.337.0
runner.archive.url=https://github.com/actions/runner/releases/download/v2.337.0/actions-runner-linux-x64-2.337.0.tar.gz
runner.archive.sha256=70920811a4f8ad4328818682bca5c6469c1c942fab52448868071d0063816613
